
Microsoft Visual Studio Solution File, Format Version 12.00
# Visual Studio Version 17
VisualStudioVersion = 17.0.31919.166
MinimumVisualStudioVersion = 10.0.40219.1
Project("{9A19103F-16F7-4668-BE54-9A1E7A4F7556}") = "whitelist", "whitelist.csproj", "{81BB0716-6756-4A1E-92D5-533CB2B22187}"
EndProject
Global
	GlobalSection(SolutionConfigurationPlatforms) = preSolution
		Debug|Any CPU = Debug|Any CPU
		Release|Any CPU = Release|Any CPU
	EndGlobalSection
	GlobalSection(ProjectConfigurationPlatforms) = postSolution
		{81BB0716-6756-4A1E-92D5-533CB2B22187}.Debug|Any CPU.ActiveCfg = Debug|Any CPU
		{81BB0716-6756-4A1E-92D5-533CB2B22187}.Debug|Any CPU.Build.0 = Debug|Any CPU
		{81BB0716-6756-4A1E-92D5-533CB2B22187}.Release|Any CPU.ActiveCfg = Release|Any CPU
		{81BB0716-6756-4A1E-92D5-533CB2B22187}.Release|Any CPU.Build.0 = Release|Any CPU
	EndGlobalSection
	GlobalSection(SolutionProperties) = preSolution
		HideSolutionNode = FALSE
	EndGlobalSection
	GlobalSection(ExtensibilityGlobals) = postSolution
		SolutionGuid = {E60DCB53-A793-489C-A54E-96D5988A1AFB}
	EndGlobalSection
EndGlobal
